<?xml version="1.0" encoding="UTF-8" standalone="yes" ?>
<CodeBlocks_project_file>
	<FileVersion major="1" minor="6" />
	<Project>
		<Option title="AQUAgpusph" />
		<Option pch_mode="2" />
		<Option compiler="gcc" />
		<Build>
			<Target title="Debug">
				<Option output="bin/Debug/AQUAgpusph" prefix_auto="1" extension_auto="1" />
				<Option working_dir="../example/" />
				<Option object_output="../Linux/obj/Debug/" />
				<Option type="1" />
				<Option compiler="gcc" />
				<Compiler>
					<Add option="-g" />
				</Compiler>
			</Target>
			<Target title="Release">
				<Option output="bin/Release/AQUAgpusph" prefix_auto="1" extension_auto="1" />
				<Option working_dir="../example/" />
				<Option object_output="../Linux/obj/Release/" />
				<Option type="1" />
				<Option compiler="gcc" />
				<Compiler>
					<Add option="-O2" />
				</Compiler>
				<Linker>
					<Add option="-s" />
				</Linker>
			</Target>
			<Target title="Debug64">
				<Option output="AQUAgpusph" prefix_auto="1" extension_auto="1" />
				<Option working_dir="../example/" />
				<Option object_output="../Linux/obj/Debug64/" />
				<Option type="0" />
				<Option compiler="gcc" />
				<Compiler>
					<Add option="-m64" />
				</Compiler>
				<Linker>
					<Add option="-m64 -L/usr/lib64" />
				</Linker>
			</Target>
			<Target title="Release64">
				<Option output="AQUAgpusph" prefix_auto="1" extension_auto="1" />
				<Option working_dir="../example/" />
				<Option object_output="../Linux/obj/Release64/" />
				<Option type="0" />
				<Option compiler="gcc" />
				<Compiler>
					<Add option="-m64" />
				</Compiler>
				<Linker>
					<Add option="-m64 -L/usr/lib64" />
				</Linker>
			</Target>
		</Build>
		<Compiler>
			<Add option="-Wall" />
			<Add option="-fexceptions" />
			<Add option="-I../include" />
			<Add option="-I/usr/include/vtk-5.8" />
			<Add option="-I/usr/include/python3.2" />
			<Add option="-DHAVE_VTK" />
			<Add option="-DHAVE_GPUPROFILE" />
			<Add option="-D_sphVERBOSE" />
			<Add option="-DPARALLEL_IO" />
		</Compiler>
		<Linker>
			<Add option="-lvtkCommon" />
			<Add option="-lvtkHybrid" />
			<Add option="-lvtkIO" />
			<Add option="-lvtkFiltering" />
			<Add option="-ltinyxml" />
			<Add option="-lm" />
			<Add option="-lncurses" />
			<Add option="-fPIC" />
			<Add option="-lOpenCL" />
			<Add option="-lpython3.1" />
		</Linker>
		<Unit filename="../include/ArgumentsManager.h" />
		<Unit filename="../include/AuxiliarMethods.h" />
		<Unit filename="../include/CalcServer.h" />
		<Unit filename="../include/CalcServer/Copy.h" />
		<Unit filename="../include/CalcServer/Kernel.h" />
		<Unit filename="../include/CalcServer/LinkList.h" />
		<Unit filename="../include/CalcServer/Python.h" />
		<Unit filename="../include/CalcServer/RadixSort.h" />
		<Unit filename="../include/CalcServer/Reduction.h" />
		<Unit filename="../include/CalcServer/Set.h" />
		<Unit filename="../include/CalcServer/SetScalar.h" />
		<Unit filename="../include/CalcServer/Tool.h" />
		<Unit filename="../include/CalcServer/UnSort.h" />
		<Unit filename="../include/FileManager.h" />
		<Unit filename="../include/InputOutput/ASCII.h" />
		<Unit filename="../include/InputOutput/InputOutput.h" />
		<Unit filename="../include/InputOutput/Log.h" />
		<Unit filename="../include/InputOutput/Particles.h" />
		<Unit filename="../include/InputOutput/Report.h" />
		<Unit filename="../include/InputOutput/State.h" />
		<Unit filename="../include/InputOutput/VTK.h" />
		<Unit filename="../include/ProblemSetup.h" />
		<Unit filename="../include/ScreenManager.h" />
		<Unit filename="../include/Singleton.h" />
		<Unit filename="../include/TimeManager.h" />
		<Unit filename="../include/Tokenizer/Tokenizer.h" />
		<Unit filename="../include/Variable.h" />
		<Unit filename="../include/sphPrerequisites.h" />
		<Unit filename="../src/ArgumentsManager.cpp" />
		<Unit filename="../src/AuxiliarMethods.cpp" />
		<Unit filename="../src/CalcServer/CalcServer.cpp" />
		<Unit filename="../src/CalcServer/Copy.cpp" />
		<Unit filename="../src/CalcServer/Kernel.cpp" />
		<Unit filename="../src/CalcServer/LinkList.cpp" />
		<Unit filename="../src/CalcServer/Python.cpp" />
		<Unit filename="../src/CalcServer/RadixSort.cpp" />
		<Unit filename="../src/CalcServer/Reduction.cpp" />
		<Unit filename="../src/CalcServer/Set.cpp" />
		<Unit filename="../src/CalcServer/SetScalar.cpp" />
		<Unit filename="../src/CalcServer/Tool.cpp" />
		<Unit filename="../src/CalcServer/UnSort.cpp" />
		<Unit filename="../src/FileManager.cpp" />
		<Unit filename="../src/InputOutput/ASCII.cpp" />
		<Unit filename="../src/InputOutput/Log.cpp" />
		<Unit filename="../src/InputOutput/Particles.cpp" />
		<Unit filename="../src/InputOutput/Report.cpp" />
		<Unit filename="../src/InputOutput/State.cpp" />
		<Unit filename="../src/InputOutput/VTK.cpp" />
		<Unit filename="../src/ProblemSetup.cpp" />
		<Unit filename="../src/ScreenManager.cpp" />
		<Unit filename="../src/TimeManager.cpp" />
		<Unit filename="../src/Tokenizer/Tokenizer.cpp" />
		<Unit filename="../src/Variable.cpp" />
		<Unit filename="../src/main.cpp" />
		<Extensions>
			<envvars />
			<code_completion />
			<lib_finder disable_auto="1" />
			<debugger />
			<DoxyBlocks>
				<comment_style block="0" line="0" />
				<doxyfile_project />
				<doxyfile_build />
				<doxyfile_warnings />
				<doxyfile_output />
				<doxyfile_dot />
				<general />
			</DoxyBlocks>
		</Extensions>
	</Project>
</CodeBlocks_project_file>
